
Microsoft Visual Studio Solution File, Format Version 12.00
# Visual Studio Version 16
VisualStudioVersion = 16.0.31105.61
MinimumVisualStudioVersion = 10.0.40219.1
Project("{9A19103F-16F7-4668-BE54-9A1E7A4F7556}") = "ImperialPlugins.Net", "ImperialPlugins.Net\ImperialPlugins.Net.csproj", "{BF2C282F-FBDD-44D2-9A58-9DFD6F3E94C2}"
EndProject
Project("{9A19103F-16F7-4668-BE54-9A1E7A4F7556}") = "ImperialPluginsConsole", "ImperialPluginsConsole\ImperialPluginsConsole.csproj", "{9C4BE98E-D8A0-471A-A3D0-D260BF6D6267}"
EndProject
Project("{FAE04EC0-301F-11D3-BF4B-00C04F79EFBC}") = "ImperialDash", "ImperialDash\ImperialDash.csproj", "{7C1206C0-4873-4383-BB00-6FBAC4525684}"
EndProject
Global
	GlobalSection(SolutionConfigurationPlatforms) = preSolution
		Debug|Any CPU = Debug|Any CPU
		Release|Any CPU = Release|Any CPU
	EndGlobalSection
	GlobalSection(ProjectConfigurationPlatforms) = postSolution
		{BF2C282F-FBDD-44D2-9A58-9DFD6F3E94C2}.Debug|Any CPU.ActiveCfg = Debug|Any CPU
		{BF2C282F-FBDD-44D2-9A58-9DFD6F3E94C2}.Debug|Any CPU.Build.0 = Debug|Any CPU
		{BF2C282F-FBDD-44D2-9A58-9DFD6F3E94C2}.Release|Any CPU.ActiveCfg = Release|Any CPU
		{BF2C282F-FBDD-44D2-9A58-9DFD6F3E94C2}.Release|Any CPU.Build.0 = Release|Any CPU
		{9C4BE98E-D8A0-471A-A3D0-D260BF6D6267}.Debug|Any CPU.ActiveCfg = Debug|Any CPU
		{9C4BE98E-D8A0-471A-A3D0-D260BF6D6267}.Debug|Any CPU.Build.0 = Debug|Any CPU
		{9C4BE98E-D8A0-471A-A3D0-D260BF6D6267}.Release|Any CPU.ActiveCfg = Release|Any CPU
		{9C4BE98E-D8A0-471A-A3D0-D260BF6D6267}.Release|Any CPU.Build.0 = Release|Any CPU
		{7C1206C0-4873-4383-BB00-6FBAC4525684}.Debug|Any CPU.ActiveCfg = Debug|Any CPU
		{7C1206C0-4873-4383-BB00-6FBAC4525684}.Debug|Any CPU.Build.0 = Debug|Any CPU
		{7C1206C0-4873-4383-BB00-6FBAC4525684}.Release|Any CPU.ActiveCfg = Release|Any CPU
		{7C1206C0-4873-4383-BB00-6FBAC4525684}.Release|Any CPU.Build.0 = Release|Any CPU
	EndGlobalSection
	GlobalSection(SolutionProperties) = preSolution
		HideSolutionNode = FALSE
	EndGlobalSection
	GlobalSection(ExtensibilityGlobals) = postSolution
		SolutionGuid = {FD40E92C-0AC3-4B20-A530-A97E6324DFC3}
	EndGlobalSection
EndGlobal
